
Microsoft Visual Studio Solution File, Format Version 12.00
# Visual Studio Version 17
VisualStudioVersion = 17.0.31903.59
MinimumVisualStudioVersion = 10.0.40219.1
Project("{2150E333-8FDC-42A3-9474-1A3956D46DE8}") = "src", "src", "{C4EBB699-9A56-4CAE-9D0C-7E4075FCD72E}"
EndProject
Project("{FAE04EC0-301F-11D3-BF4B-00C04F79EFBC}") = "JobMaster.Api", "src\JobMaster.Api\JobMaster.Api.csproj", "{3732302F-0052-4ACC-8F61-8D31AA3DE719}"
EndProject
Project("{FAE04EC0-301F-11D3-BF4B-00C04F79EFBC}") = "JobMaster.Application", "src\JobMaster.Application\JobMaster.Application.csproj", "{97F927D9-B281-4447-B41B-8C82EDEBCEFF}"
EndProject
Project("{FAE04EC0-301F-11D3-BF4B-00C04F79EFBC}") = "JobMaster.Contracts", "src\JobMaster.Contracts\JobMaster.Contracts.csproj", "{D1902432-25F3-4955-9E71-A9801E5B4499}"
EndProject
Project("{FAE04EC0-301F-11D3-BF4B-00C04F79EFBC}") = "JobMaster.Domain", "src\JobMaster.Domain\JobMaster.Domain.csproj", "{6586E7B4-A124-4FCC-B943-05E4AAB9720C}"
EndProject
Project("{FAE04EC0-301F-11D3-BF4B-00C04F79EFBC}") = "JobMaster.Infrastructure", "src\JobMaster.Infrastructure\JobMaster.Infrastructure.csproj", "{731AE867-2002-4598-AE54-ED5E4C8326BD}"
EndProject
Project("{2150E333-8FDC-42A3-9474-1A3956D46DE8}") = "tests", "tests", "{1F88F3B4-BB73-4FC7-B54F-CDF792F36D85}"
EndProject
Project("{2150E333-8FDC-42A3-9474-1A3956D46DE8}") = "UnitTests", "UnitTests", "{AF0964DA-FE82-4F6F-A4B5-6F9AC460A1C9}"
EndProject
Project("{FAE04EC0-301F-11D3-BF4B-00C04F79EFBC}") = "JobMaster.Application.UnitTests", "tests\UnitTests\JobMaster.Application.UnitTests\JobMaster.Application.UnitTests.csproj", "{59FFE6CA-0CFF-47E5-BEA2-305469FCFF8C}"
EndProject
Global
	GlobalSection(SolutionConfigurationPlatforms) = preSolution
		Debug|Any CPU = Debug|Any CPU
		Release|Any CPU = Release|Any CPU
	EndGlobalSection
	GlobalSection(SolutionProperties) = preSolution
		HideSolutionNode = FALSE
	EndGlobalSection
	GlobalSection(ProjectConfigurationPlatforms) = postSolution
		{3732302F-0052-4ACC-8F61-8D31AA3DE719}.Debug|Any CPU.ActiveCfg = Debug|Any CPU
		{3732302F-0052-4ACC-8F61-8D31AA3DE719}.Debug|Any CPU.Build.0 = Debug|Any CPU
		{3732302F-0052-4ACC-8F61-8D31AA3DE719}.Release|Any CPU.ActiveCfg = Release|Any CPU
		{3732302F-0052-4ACC-8F61-8D31AA3DE719}.Release|Any CPU.Build.0 = Release|Any CPU
		{97F927D9-B281-4447-B41B-8C82EDEBCEFF}.Debug|Any CPU.ActiveCfg = Debug|Any CPU
		{97F927D9-B281-4447-B41B-8C82EDEBCEFF}.Debug|Any CPU.Build.0 = Debug|Any CPU
		{97F927D9-B281-4447-B41B-8C82EDEBCEFF}.Release|Any CPU.ActiveCfg = Release|Any CPU
		{97F927D9-B281-4447-B41B-8C82EDEBCEFF}.Release|Any CPU.Build.0 = Release|Any CPU
		{D1902432-25F3-4955-9E71-A9801E5B4499}.Debug|Any CPU.ActiveCfg = Debug|Any CPU
		{D1902432-25F3-4955-9E71-A9801E5B4499}.Debug|Any CPU.Build.0 = Debug|Any CPU
		{D1902432-25F3-4955-9E71-A9801E5B4499}.Release|Any CPU.ActiveCfg = Release|Any CPU
		{D1902432-25F3-4955-9E71-A9801E5B4499}.Release|Any CPU.Build.0 = Release|Any CPU
		{6586E7B4-A124-4FCC-B943-05E4AAB9720C}.Debug|Any CPU.ActiveCfg = Debug|Any CPU
		{6586E7B4-A124-4FCC-B943-05E4AAB9720C}.Debug|Any CPU.Build.0 = Debug|Any CPU
		{6586E7B4-A124-4FCC-B943-05E4AAB9720C}.Release|Any CPU.ActiveCfg = Release|Any CPU
		{6586E7B4-A124-4FCC-B943-05E4AAB9720C}.Release|Any CPU.Build.0 = Release|Any CPU
		{731AE867-2002-4598-AE54-ED5E4C8326BD}.Debug|Any CPU.ActiveCfg = Debug|Any CPU
		{731AE867-2002-4598-AE54-ED5E4C8326BD}.Debug|Any CPU.Build.0 = Debug|Any CPU
		{731AE867-2002-4598-AE54-ED5E4C8326BD}.Release|Any CPU.ActiveCfg = Release|Any CPU
		{731AE867-2002-4598-AE54-ED5E4C8326BD}.Release|Any CPU.Build.0 = Release|Any CPU
		{59FFE6CA-0CFF-47E5-BEA2-305469FCFF8C}.Debug|Any CPU.ActiveCfg = Debug|Any CPU
		{59FFE6CA-0CFF-47E5-BEA2-305469FCFF8C}.Debug|Any CPU.Build.0 = Debug|Any CPU
		{59FFE6CA-0CFF-47E5-BEA2-305469FCFF8C}.Release|Any CPU.ActiveCfg = Release|Any CPU
		{59FFE6CA-0CFF-47E5-BEA2-305469FCFF8C}.Release|Any CPU.Build.0 = Release|Any CPU
	EndGlobalSection
	GlobalSection(NestedProjects) = preSolution
		{3732302F-0052-4ACC-8F61-8D31AA3DE719} = {C4EBB699-9A56-4CAE-9D0C-7E4075FCD72E}
		{97F927D9-B281-4447-B41B-8C82EDEBCEFF} = {C4EBB699-9A56-4CAE-9D0C-7E4075FCD72E}
		{D1902432-25F3-4955-9E71-A9801E5B4499} = {C4EBB699-9A56-4CAE-9D0C-7E4075FCD72E}
		{6586E7B4-A124-4FCC-B943-05E4AAB9720C} = {C4EBB699-9A56-4CAE-9D0C-7E4075FCD72E}
		{731AE867-2002-4598-AE54-ED5E4C8326BD} = {C4EBB699-9A56-4CAE-9D0C-7E4075FCD72E}
		{AF0964DA-FE82-4F6F-A4B5-6F9AC460A1C9} = {1F88F3B4-BB73-4FC7-B54F-CDF792F36D85}
		{59FFE6CA-0CFF-47E5-BEA2-305469FCFF8C} = {AF0964DA-FE82-4F6F-A4B5-6F9AC460A1C9}
	EndGlobalSection
EndGlobal
